
Microsoft Visual Studio Solution File, Format Version 12.00
# Visual Studio Version 17
VisualStudioVersion = 17.0.31903.59
MinimumVisualStudioVersion = 10.0.40219.1
Project("{9A19103F-16F7-4668-BE54-9A1E7A4F7556}") = "AU2022OM", "AU2022OM\AU2022OM.csproj", "{48085638-523A-4B3C-9507-9BC5553439F8}"
EndProject
Project("{FAE04EC0-301F-11D3-BF4B-00C04F79EFBC}") = "AU2022Dynamo", "AU2022Dynamo\AU2022Dynamo.csproj", "{29E5E05C-AA29-4660-84F1-2312362A6A14}"
EndProject
Global
	GlobalSection(SolutionConfigurationPlatforms) = preSolution
		Debug|Any CPU = Debug|Any CPU
		Release|Any CPU = Release|Any CPU
	EndGlobalSection
	GlobalSection(ProjectConfigurationPlatforms) = postSolution
		{48085638-523A-4B3C-9507-9BC5553439F8}.Debug|Any CPU.ActiveCfg = Debug|Any CPU
		{48085638-523A-4B3C-9507-9BC5553439F8}.Debug|Any CPU.Build.0 = Debug|Any CPU
		{48085638-523A-4B3C-9507-9BC5553439F8}.Release|Any CPU.ActiveCfg = Release|Any CPU
		{48085638-523A-4B3C-9507-9BC5553439F8}.Release|Any CPU.Build.0 = Release|Any CPU
		{29E5E05C-AA29-4660-84F1-2312362A6A14}.Debug|Any CPU.ActiveCfg = Debug|Any CPU
		{29E5E05C-AA29-4660-84F1-2312362A6A14}.Debug|Any CPU.Build.0 = Debug|Any CPU
		{29E5E05C-AA29-4660-84F1-2312362A6A14}.Release|Any CPU.ActiveCfg = Release|Any CPU
		{29E5E05C-AA29-4660-84F1-2312362A6A14}.Release|Any CPU.Build.0 = Release|Any CPU
	EndGlobalSection
	GlobalSection(SolutionProperties) = preSolution
		HideSolutionNode = FALSE
	EndGlobalSection
	GlobalSection(ExtensibilityGlobals) = postSolution
		SolutionGuid = {CE510B90-313B-46BD-A9A8-C15E076E7424}
	EndGlobalSection
EndGlobal
